// !$*UTF8*$!
{
	archiveVersion = 1;
	classes = {
	};
	objectVersion = 51;
	objects = {

/* Begin PBXBuildFile section */
		05C49B23234B8278161CA482 /* Pods_Flix.framework in Frameworks */ = {isa = PBXBuildFile; fileRef = EBD018776ADF2E4E8BFFF577 /* Pods_Flix.framework */; };
		53CA4DE603BB1CB6DD8B2BF6 /* Pods_Flix_FlixUITests.framework in Frameworks */ = {isa = PBXBuildFile; fileRef = F81D42F4A83C6289C072DC97 /* Pods_Flix_FlixUITests.framework */; };
		5F3DD8FB2683828D00CF0764 /* AppDelegate.m in Sources */ = {isa = PBXBuildFile; fileRef = 5F3DD8FA2683828D00CF0764 /* AppDelegate.m */; };
		5F3DD8FE2683828D00CF0764 /* SceneDelegate.m in Sources */ = {isa = PBXBuildFile; fileRef = 5F3DD8FD2683828D00CF0764 /* SceneDelegate.m */; };
		5F3DD9042683828D00CF0764 /* Main.storyboard in Resources */ = {isa = PBXBuildFile; fileRef = 5F3DD9022683828D00CF0764 /* Main.storyboard */; };
		5F3DD9062683828F00CF0764 /* Assets.xcassets in Resources */ = {isa = PBXBuildFile; fileRef = 5F3DD9052683828F00CF0764 /* Assets.xcassets */; };
		5F3DD9092683828F00CF0764 /* LaunchScreen.storyboard in Resources */ = {isa = PBXBuildFile; fileRef = 5F3DD9072683828F00CF0764 /* LaunchScreen.storyboard */; };
		5F3DD90C2683828F00CF0764 /* main.m in Sources */ = {isa = PBXBuildFile; fileRef = 5F3DD90B2683828F00CF0764 /* main.m */; };
		5F3DD9162683828F00CF0764 /* FlixTests.m in Sources */ = {isa = PBXBuildFile; fileRef = 5F3DD9152683828F00CF0764 /* FlixTests.m */; };
		5F3DD9212683828F00CF0764 /* FlixUITests.m in Sources */ = {isa = PBXBuildFile; fileRef = 5F3DD9202683828F00CF0764 /* FlixUITests.m */; };
		5F3DD9302683972E00CF0764 /* MoviesViewController.m in Sources */ = {isa = PBXBuildFile; fileRef = 5F3DD92F2683972E00CF0764 /* MoviesViewController.m */; };
		5F3DD9362683C94000CF0764 /* MovieCell.m in Sources */ = {isa = PBXBuildFile; fileRef = 5F3DD9352683C94000CF0764 /* MovieCell.m */; };
		5F3DD9392684029300CF0764 /* DetailsViewController.m in Sources */ = {isa = PBXBuildFile; fileRef = 5F3DD9382684029300CF0764 /* DetailsViewController.m */; };
		5F3DD9832685218800CF0764 /* MoviesGridViewController.m in Sources */ = {isa = PBXBuildFile; fileRef = 5F3DD9822685218800CF0764 /* MoviesGridViewController.m */; };
		5F3DD9862685258300CF0764 /* MovieCollectionCell.m in Sources */ = {isa = PBXBuildFile; fileRef = 5F3DD9852685258300CF0764 /* MovieCollectionCell.m */; };
		90F25130BE24FE593BDAB331 /* Pods_FlixTests.framework in Frameworks */ = {isa = PBXBuildFile; fileRef = 15466AF3CB6B6B41D105BC69 /* Pods_FlixTests.framework */; };
/* End PBXBuildFile section */

/* Begin PBXContainerItemProxy section */
		5F3DD9122683828F00CF0764 /* PBXContainerItemProxy */ = {
			isa = PBXContainerItemProxy;
			containerPortal = 5F3DD8EE2683828D00CF0764 /* Project object */;
			proxyType = 1;
			remoteGlobalIDString = 5F3DD8F52683828D00CF0764;
			remoteInfo = Flix;
		};
		5F3DD91D2683828F00CF0764 /* PBXContainerItemProxy */ = {
			isa = PBXContainerItemProxy;
			containerPortal = 5F3DD8EE2683828D00CF0764 /* Project object */;
			proxyType = 1;
			remoteGlobalIDString = 5F3DD8F52683828D00CF0764;
			remoteInfo = Flix;
		};
/* End PBXContainerItemProxy section */

/* Begin PBXFileReference section */
		0F23AE7789AA9A906046DA2C /* Pods-Flix-FlixUITests.release.xcconfig */ = {isa = PBXFileReference; includeInIndex = 1; lastKnownFileType = text.xcconfig; name = "Pods-Flix-FlixUITests.release.xcconfig"; path = "Target Support Files/Pods-Flix-FlixUITests/Pods-Flix-FlixUITests.release.xcconfig"; sourceTree = "<group>"; };
		15466AF3CB6B6B41D105BC69 /* Pods_FlixTests.framework */ = {isa = PBXFileReference; explicitFileType = wrapper.framework; includeInIndex = 0; path = Pods_FlixTests.framework; sourceTree = BUILT_PRODUCTS_DIR; };
		596E2EF46E543EA829B021FA /* Pods-FlixTests.debug.xcconfig */ = {isa = PBXFileReference; includeInIndex = 1; lastKnownFileType = text.xcconfig; name = "Pods-FlixTests.debug.xcconfig"; path = "Target Support Files/Pods-FlixTests/Pods-FlixTests.debug.xcconfig"; sourceTree = "<group>"; };
		5F3DD8F62683828D00CF0764 /* Flix.app */ = {isa = PBXFileReference; explicitFileType = wrapper.application; includeInIndex = 0; path = Flix.app; sourceTree = BUILT_PRODUCTS_DIR; };
		5F3DD8F92683828D00CF0764 /* AppDelegate.h */ = {isa = PBXFileReference; lastKnownFileType = sourcecode.c.h; path = AppDelegate.h; sourceTree = "<group>"; };
		5F3DD8FA2683828D00CF0764 /* AppDelegate.m */ = {isa = PBXFileReference; lastKnownFileType = sourcecode.c.objc; path = AppDelegate.m; sourceTree = "<group>"; };
		5F3DD8FC2683828D00CF0764 /* SceneDelegate.h */ = {isa = PBXFileReference; lastKnownFileType = sourcecode.c.h; path = SceneDelegate.h; sourceTree = "<group>"; };
		5F3DD8FD2683828D00CF0764 /* SceneDelegate.m */ = {isa = PBXFileReference; lastKnownFileType = sourcecode.c.objc; path = SceneDelegate.m; sourceTree = "<group>"; };
		5F3DD9032683828D00CF0764 /* Base */ = {isa = PBXFileReference; lastKnownFileType = file.storyboard; name = Base; path = Base.lproj/Main.storyboard; sourceTree = "<group>"; };
		5F3DD9052683828F00CF0764 /* Assets.xcassets */ = {isa = PBXFileReference; lastKnownFileType = folder.assetcatalog; path = Assets.xcassets; sourceTree = "<group>"; };
		5F3DD9082683828F00CF0764 /* Base */ = {isa = PBXFileReference; lastKnownFileType = file.storyboard; name = Base; path = Base.lproj/LaunchScreen.storyboard; sourceTree = "<group>"; };
		5F3DD90A2683828F00CF0764 /* Info.plist */ = {isa = PBXFileReference; lastKnownFileType = text.plist.xml; path = Info.plist; sourceTree = "<group>"; };
		5F3DD90B2683828F00CF0764 /* main.m */ = {isa = PBXFileReference; lastKnownFileType = sourcecode.c.objc; path = main.m; sourceTree = "<group>"; };
		5F3DD9112683828F00CF0764 /* FlixTests.xctest */ = {isa = PBXFileReference; explicitFileType = wrapper.cfbundle; includeInIndex = 0; path = FlixTests.xctest; sourceTree = BUILT_PRODUCTS_DIR; };
		5F3DD9152683828F00CF0764 /* FlixTests.m */ = {isa = PBXFileReference; lastKnownFileType = sourcecode.c.objc; path = FlixTests.m; sourceTree = "<group>"; };
		5F3DD9172683828F00CF0764 /* Info.plist */ = {isa = PBXFileReference; lastKnownFileType = text.plist.xml; path = Info.plist; sourceTree = "<group>"; };
		5F3DD91C2683828F00CF0764 /* FlixUITests.xctest */ = {isa = PBXFileReference; explicitFileType = wrapper.cfbundle; includeInIndex = 0; path = FlixUITests.xctest; sourceTree = BUILT_PRODUCTS_DIR; };
		5F3DD9202683828F00CF0764 /* FlixUITests.m */ = {isa = PBXFileReference; lastKnownFileType = sourcecode.c.objc; path = FlixUITests.m; sourceTree = "<group>"; };
		5F3DD9222683828F00CF0764 /* Info.plist */ = {isa = PBXFileReference; lastKnownFileType = text.plist.xml; path = Info.plist; sourceTree = "<group>"; };
		5F3DD92E2683972E00CF0764 /* MoviesViewController.h */ = {isa = PBXFileReference; lastKnownFileType = sourcecode.c.h; path = MoviesViewController.h; sourceTree = "<group>"; };
		5F3DD92F2683972E00CF0764 /* MoviesViewController.m */ = {isa = PBXFileReference; lastKnownFileType = sourcecode.c.objc; path = MoviesViewController.m; sourceTree = "<group>"; };
		5F3DD9342683C94000CF0764 /* MovieCell.h */ = {isa = PBXFileReference; lastKnownFileType = sourcecode.c.h; path = MovieCell.h; sourceTree = "<group>"; };
		5F3DD9352683C94000CF0764 /* MovieCell.m */ = {isa = PBXFileReference; lastKnownFileType = sourcecode.c.objc; path = MovieCell.m; sourceTree = "<group>"; };
		5F3DD9372684029300CF0764 /* DetailsViewController.h */ = {isa = PBXFileReference; lastKnownFileType = sourcecode.c.h; path = DetailsViewController.h; sourceTree = "<group>"; };
		5F3DD9382684029300CF0764 /* DetailsViewController.m */ = {isa = PBXFileReference; lastKnownFileType = sourcecode.c.objc; path = DetailsViewController.m; sourceTree = "<group>"; };
		5F3DD9812685218800CF0764 /* MoviesGridViewController.h */ = {isa = PBXFileReference; lastKnownFileType = sourcecode.c.h; path = MoviesGridViewController.h; sourceTree = "<group>"; };
		5F3DD9822685218800CF0764 /* MoviesGridViewController.m */ = {isa = PBXFileReference; lastKnownFileType = sourcecode.c.objc; path = MoviesGridViewController.m; sourceTree = "<group>"; };
		5F3DD9842685258300CF0764 /* MovieCollectionCell.h */ = {isa = PBXFileReference; lastKnownFileType = sourcecode.c.h; path = MovieCollectionCell.h; sourceTree = "<group>"; };
		5F3DD9852685258300CF0764 /* MovieCollectionCell.m */ = {isa = PBXFileReference; lastKnownFileType = sourcecode.c.objc; path = MovieCollectionCell.m; sourceTree = "<group>"; };
		7183E1C9E78770B184FFC9D4 /* Pods-Flix-FlixUITests.debug.xcconfig */ = {isa = PBXFileReference; includeInIndex = 1; lastKnownFileType = text.xcconfig; name = "Pods-Flix-FlixUITests.debug.xcconfig"; path = "Target Support Files/Pods-Flix-FlixUITests/Pods-Flix-FlixUITests.debug.xcconfig"; sourceTree = "<group>"; };
		8DFED141088FD0CBF645DF67 /* Pods-FlixTests.release.xcconfig */ = {isa = PBXFileReference; includeInIndex = 1; lastKnownFileType = text.xcconfig; name = "Pods-FlixTests.release.xcconfig"; path = "Target Support Files/Pods-FlixTests/Pods-FlixTests.release.xcconfig"; sourceTree = "<group>"; };
		A52F61CF2FE80DD42F9668A3 /* Pods-Flix.release.xcconfig */ = {isa = PBXFileReference; includeInIndex = 1; lastKnownFileType = text.xcconfig; name = "Pods-Flix.release.xcconfig"; path = "Target Support Files/Pods-Flix/Pods-Flix.release.xcconfig"; sourceTree = "<group>"; };
		EBD018776ADF2E4E8BFFF577 /* Pods_Flix.framework */ = {isa = PBXFileReference; explicitFileType = wrapper.framework; includeInIndex = 0; path = Pods_Flix.framework; sourceTree = BUILT_PRODUCTS_DIR; };
		F81D42F4A83C6289C072DC97 /* Pods_Flix_FlixUITests.framework */ = {isa = PBXFileReference; explicitFileType = wrapper.framework; includeInIndex = 0; path = Pods_Flix_FlixUITests.framework; sourceTree = BUILT_PRODUCTS_DIR; };
		FCE5B3F0631470D38A56BDC3 /* Pods-Flix.debug.xcconfig */ = {isa = PBXFileReference; includeInIndex = 1; lastKnownFileType = text.xcconfig; name = "Pods-Flix.debug.xcconfig"; path = "Target Support Files/Pods-Flix/Pods-Flix.debug.xcconfig"; sourceTree = "<group>"; };
/* End PBXFileReference section */

/* Begin PBXFrameworksBuildPhase section */
		5F3DD8F32683828D00CF0764 /* Frameworks */ = {
			isa = PBXFrameworksBuildPhase;
			buildActionMask = 2147483647;
			files = (
				05C49B23234B8278161CA482 /* Pods_Flix.framework in Frameworks */,
			);
			runOnlyForDeploymentPostprocessing = 0;
		};
		5F3DD90E2683828F00CF0764 /* Frameworks */ = {
			isa = PBXFrameworksBuildPhase;
			buildActionMask = 2147483647;
			files = (
				90F25130BE24FE593BDAB331 /* Pods_FlixTests.framework in Frameworks */,
			);
			runOnlyForDeploymentPostprocessing = 0;
		};
		5F3DD9192683828F00CF0764 /* Frameworks */ = {
			isa = PBXFrameworksBuildPhase;
			buildActionMask = 2147483647;
			files = (
				53CA4DE603BB1CB6DD8B2BF6 /* Pods_Flix_FlixUITests.framework in Frameworks */,
			);
			runOnlyForDeploymentPostprocessing = 0;
		};
/* End PBXFrameworksBuildPhase section */

/* Begin PBXGroup section */
		34657608038A5ACB51511F08 /* Frameworks */ = {
			isa = PBXGroup;
			children = (
				EBD018776ADF2E4E8BFFF577 /* Pods_Flix.framework */,
				F81D42F4A83C6289C072DC97 /* Pods_Flix_FlixUITests.framework */,
				15466AF3CB6B6B41D105BC69 /* Pods_FlixTests.framework */,
			);
			name = Frameworks;
			sourceTree = "<group>";
		};
		5F3DD8ED2683828D00CF0764 = {
			isa = PBXGroup;
			children = (
				5F3DD8F82683828D00CF0764 /* Flix */,
				5F3DD9142683828F00CF0764 /* FlixTests */,
				5F3DD91F2683828F00CF0764 /* FlixUITests */,
				5F3DD8F72683828D00CF0764 /* Products */,
				D49624DEB81E349B448354E6 /* Pods */,
				34657608038A5ACB51511F08 /* Frameworks */,
			);
			sourceTree = "<group>";
		};
		5F3DD8F72683828D00CF0764 /* Products */ = {
			isa = PBXGroup;
			children = (
				5F3DD8F62683828D00CF0764 /* Flix.app */,
				5F3DD9112683828F00CF0764 /* FlixTests.xctest */,
				5F3DD91C2683828F00CF0764 /* FlixUITests.xctest */,
			);
			name = Products;
			sourceTree = "<group>";
		};
		5F3DD8F82683828D00CF0764 /* Flix */ = {
			isa = PBXGroup;
			children = (
				5F3DD933268397FE00CF0764 /* Models */,
				5F3DD932268397F400CF0764 /* Views */,
				5F3DD931268397E100CF0764 /* View Controllers */,
				5F3DD8F92683828D00CF0764 /* AppDelegate.h */,
				5F3DD8FA2683828D00CF0764 /* AppDelegate.m */,
				5F3DD8FC2683828D00CF0764 /* SceneDelegate.h */,
				5F3DD8FD2683828D00CF0764 /* SceneDelegate.m */,
				5F3DD9022683828D00CF0764 /* Main.storyboard */,
				5F3DD9052683828F00CF0764 /* Assets.xcassets */,
				5F3DD9072683828F00CF0764 /* LaunchScreen.storyboard */,
				5F3DD90A2683828F00CF0764 /* Info.plist */,
				5F3DD90B2683828F00CF0764 /* main.m */,
			);
			path = Flix;
			sourceTree = "<group>";
		};
		5F3DD9142683828F00CF0764 /* FlixTests */ = {
			isa = PBXGroup;
			children = (
				5F3DD9152683828F00CF0764 /* FlixTests.m */,
				5F3DD9172683828F00CF0764 /* Info.plist */,
			);
			path = FlixTests;
			sourceTree = "<group>";
		};
		5F3DD91F2683828F00CF0764 /* FlixUITests */ = {
			isa = PBXGroup;
			children = (
				5F3DD9202683828F00CF0764 /* FlixUITests.m */,
				5F3DD9222683828F00CF0764 /* Info.plist */,
			);
			path = FlixUITests;
			sourceTree = "<group>";
		};
		5F3DD931268397E100CF0764 /* View Controllers */ = {
			isa = PBXGroup;
			children = (
				5F3DD92E2683972E00CF0764 /* MoviesViewController.h */,
				5F3DD92F2683972E00CF0764 /* MoviesViewController.m */,
				5F3DD9372684029300CF0764 /* DetailsViewController.h */,
				5F3DD9382684029300CF0764 /* DetailsViewController.m */,
				5F3DD9812685218800CF0764 /* MoviesGridViewController.h */,
				5F3DD9822685218800CF0764 /* MoviesGridViewController.m */,
			);
			path = "View Controllers";
			sourceTree = "<group>";
		};
		5F3DD932268397F400CF0764 /* Views */ = {
			isa = PBXGroup;
			children = (
				5F3DD9342683C94000CF0764 /* MovieCell.h */,
				5F3DD9352683C94000CF0764 /* MovieCell.m */,
				5F3DD9842685258300CF0764 /* MovieCollectionCell.h */,
				5F3DD9852685258300CF0764 /* MovieCollectionCell.m */,
			);
			path = Views;
			sourceTree = "<group>";
		};
		5F3DD933268397FE00CF0764 /* Models */ = {
			isa = PBXGroup;
			children = (
			);
			path = Models;
			sourceTree = "<group>";
		};
		D49624DEB81E349B448354E6 /* Pods */ = {
			isa = PBXGroup;
			children = (
				FCE5B3F0631470D38A56BDC3 /* Pods-Flix.debug.xcconfig */,
				A52F61CF2FE80DD42F9668A3 /* Pods-Flix.release.xcconfig */,
				7183E1C9E78770B184FFC9D4 /* Pods-Flix-FlixUITests.debug.xcconfig */,
				0F23AE7789AA9A906046DA2C /* Pods-Flix-FlixUITests.release.xcconfig */,
				596E2EF46E543EA829B021FA /* Pods-FlixTests.debug.xcconfig */,
				8DFED141088FD0CBF645DF67 /* Pods-FlixTests.release.xcconfig */,
			);
			path = Pods;
			sourceTree = "<group>";
		};
/* End PBXGroup section */

/* Begin PBXNativeTarget section */
		5F3DD8F52683828D00CF0764 /* Flix */ = {
			isa = PBXNativeTarget;
			buildConfigurationList = 5F3DD9252683828F00CF0764 /* Build configuration list for PBXNativeTarget "Flix" */;
			buildPhases = (
				88D18225C72ACA1E36A0E389 /* [CP] Check Pods Manifest.lock */,
				5F3DD8F22683828D00CF0764 /* Sources */,
				5F3DD8F32683828D00CF0764 /* Frameworks */,
				5F3DD8F42683828D00CF0764 /* Resources */,
				BB6ADAD7B984F246B3C03966 /* [CP] Embed Pods Frameworks */,
			);
			buildRules = (
			);
			dependencies = (
			);
			name = Flix;
			productName = Flix;
			productReference = 5F3DD8F62683828D00CF0764 /* Flix.app */;
			productType = "com.apple.product-type.application";
		};
		5F3DD9102683828F00CF0764 /* FlixTests */ = {
			isa = PBXNativeTarget;
			buildConfigurationList = 5F3DD9282683828F00CF0764 /* Build configuration list for PBXNativeTarget "FlixTests" */;
			buildPhases = (
				3176453C99191196AE3F83A3 /* [CP] Check Pods Manifest.lock */,
				5F3DD90D2683828F00CF0764 /* Sources */,
				5F3DD90E2683828F00CF0764 /* Frameworks */,
				5F3DD90F2683828F00CF0764 /* Resources */,
			);
			buildRules = (
			);
			dependencies = (
				5F3DD9132683828F00CF0764 /* PBXTargetDependency */,
			);
			name = FlixTests;
			productName = FlixTests;
			productReference = 5F3DD9112683828F00CF0764 /* FlixTests.xctest */;
			productType = "com.apple.product-type.bundle.unit-test";
		};
		5F3DD91B2683828F00CF0764 /* FlixUITests */ = {
			isa = PBXNativeTarget;
			buildConfigurationList = 5F3DD92B2683828F00CF0764 /* Build configuration list for PBXNativeTarget "FlixUITests" */;
			buildPhases = (
				D2E397306512C266FB7EBDA8 /* [CP] Check Pods Manifest.lock */,
				5F3DD9182683828F00CF0764 /* Sources */,
				5F3DD9192683828F00CF0764 /* Frameworks */,
				5F3DD91A2683828F00CF0764 /* Resources */,
				984462F3E1492CA868323421 /* [CP] Embed Pods Frameworks */,
			);
			buildRules = (
			);
			dependencies = (
				5F3DD91E2683828F00CF0764 /* PBXTargetDependency */,
			);
			name = FlixUITests;
			productName = FlixUITests;
			productReference = 5F3DD91C2683828F00CF0764 /* FlixUITests.xctest */;
			productType = "com.apple.product-type.bundle.ui-testing";
		};
/* End PBXNativeTarget section */

/* Begin PBXProject section */
		5F3DD8EE2683828D00CF0764 /* Project object */ = {
			isa = PBXProject;
			attributes = {
				LastUpgradeCheck = 1250;
				TargetAttributes = {
					5F3DD8F52683828D00CF0764 = {
						CreatedOnToolsVersion = 12.5.1;
					};
					5F3DD9102683828F00CF0764 = {
						CreatedOnToolsVersion = 12.5.1;
						TestTargetID = 5F3DD8F52683828D00CF0764;
					};
					5F3DD91B2683828F00CF0764 = {
						CreatedOnToolsVersion = 12.5.1;
						TestTargetID = 5F3DD8F52683828D00CF0764;
					};
				};
			};
			buildConfigurationList = 5F3DD8F12683828D00CF0764 /* Build configuration list for PBXProject "Flix" */;
			compatibilityVersion = "Xcode 9.3";
			developmentRegion = en;
			hasScannedForEncodings = 0;
			knownRegions = (
				en,
				Base,
			);
			mainGroup = 5F3DD8ED2683828D00CF0764;
			productRefGroup = 5F3DD8F72683828D00CF0764 /* Products */;
			projectDirPath = "";
			projectRoot = "";
			targets = (
				5F3DD8F52683828D00CF0764 /* Flix */,
				5F3DD9102683828F00CF0764 /* FlixTests */,
				5F3DD91B2683828F00CF0764 /* FlixUITests */,
			);
		};
/* End PBXProject section */

/* Begin PBXResourcesBuildPhase section */
		5F3DD8F42683828D00CF0764 /* Resources */ = {
			isa = PBXResourcesBuildPhase;
			buildActionMask = 2147483647;
			files = (
				5F3DD9092683828F00CF0764 /* LaunchScreen.storyboard in Resources */,
				5F3DD9062683828F00CF0764 /* Assets.xcassets in Resources */,
				5F3DD9042683828D00CF0764 /* Main.storyboard in Resources */,
			);
			runOnlyForDeploymentPostprocessing = 0;
		};
		5F3DD90F2683828F00CF0764 /* Resources */ = {
			isa = PBXResourcesBuildPhase;
			buildActionMask = 2147483647;
			files = (
			);
			runOnlyForDeploymentPostprocessing = 0;
		};
		5F3DD91A2683828F00CF0764 /* Resources */ = {
			isa = PBXResourcesBuildPhase;
			buildActionMask = 2147483647;
			files = (
			);
			runOnlyForDeploymentPostprocessing = 0;
		};
/* End PBXResourcesBuildPhase section */

/* Begin PBXShellScriptBuildPhase section */
		3176453C99191196AE3F83A3 /* [CP] Check Pods Manifest.lock */ = {
			isa = PBXShellScriptBuildPhase;
			buildActionMask = 2147483647;
			files = (
			);
			inputFileListPaths = (
			);
			inputPaths = (
				"${PODS_PODFILE_DIR_PATH}/Podfile.lock",
				"${PODS_ROOT}/Manifest.lock",
			);
			name = "[CP] Check Pods Manifest.lock";
			outputFileListPaths = (
			);
			outputPaths = (
				"$(DERIVED_FILE_DIR)/Pods-FlixTests-checkManifestLockResult.txt",
			);
			runOnlyForDeploymentPostprocessing = 0;
			shellPath = /bin/sh;
			shellScript = "diff \"${PODS_PODFILE_DIR_PATH}/Podfile.lock\" \"${PODS_ROOT}/Manifest.lock\" > /dev/null\nif [ $? != 0 ] ; then\n    # print error to STDERR\n    echo \"error: The sandbox is not in sync with the Podfile.lock. Run 'pod install' or update your CocoaPods installation.\" >&2\n    exit 1\nfi\n# This output is used by Xcode 'outputs' to avoid re-running this script phase.\necho \"SUCCESS\" > \"${SCRIPT_OUTPUT_FILE_0}\"\n";
			showEnvVarsInLog = 0;
		};
		88D18225C72ACA1E36A0E389 /* [CP] Check Pods Manifest.lock */ = {
			isa = PBXShellScriptBuildPhase;
			buildActionMask = 2147483647;
			files = (
			);
			inputFileListPaths = (
			);
			inputPaths = (
				"${PODS_PODFILE_DIR_PATH}/Podfile.lock",
				"${PODS_ROOT}/Manifest.lock",
			);
			name = "[CP] Check Pods Manifest.lock";
			outputFileListPaths = (
			);
			outputPaths = (
				"$(DERIVED_FILE_DIR)/Pods-Flix-checkManifestLockResult.txt",
			);
			runOnlyForDeploymentPostprocessing = 0;
			shellPath = /bin/sh;
			shellScript = "diff \"${PODS_PODFILE_DIR_PATH}/Podfile.lock\" \"${PODS_ROOT}/Manifest.lock\" > /dev/null\nif [ $? != 0 ] ; then\n    # print error to STDERR\n    echo \"error: The sandbox is not in sync with the Podfile.lock. Run 'pod install' or update your CocoaPods installation.\" >&2\n    exit 1\nfi\n# This output is used by Xcode 'outputs' to avoid re-running this script phase.\necho \"SUCCESS\" > \"${SCRIPT_OUTPUT_FILE_0}\"\n";
			showEnvVarsInLog = 0;
		};
		984462F3E1492CA868323421 /* [CP] Embed Pods Frameworks */ = {
			isa = PBXShellScriptBuildPhase;
			buildActionMask = 2147483647;
			files = (
			);
			inputFileListPaths = (
				"${PODS_ROOT}/Target Support Files/Pods-Flix-FlixUITests/Pods-Flix-FlixUITests-frameworks-${CONFIGURATION}-input-files.xcfilelist",
			);
			name = "[CP] Embed Pods Frameworks";
			outputFileListPaths = (
				"${PODS_ROOT}/Target Support Files/Pods-Flix-FlixUITests/Pods-Flix-FlixUITests-frameworks-${CONFIGURATION}-output-files.xcfilelist",
			);
			runOnlyForDeploymentPostprocessing = 0;
			shellPath = /bin/sh;
			shellScript = "\"${PODS_ROOT}/Target Support Files/Pods-Flix-FlixUITests/Pods-Flix-FlixUITests-frameworks.sh\"\n";
			showEnvVarsInLog = 0;
		};
		BB6ADAD7B984F246B3C03966 /* [CP] Embed Pods Frameworks */ = {
			isa = PBXShellScriptBuildPhase;
			buildActionMask = 2147483647;
			files = (
			);
			inputFileListPaths = (
				"${PODS_ROOT}/Target Support Files/Pods-Flix/Pods-Flix-frameworks-${CONFIGURATION}-input-files.xcfilelist",
			);
			name = "[CP] Embed Pods Frameworks";
			outputFileListPaths = (
				"${PODS_ROOT}/Target Support Files/Pods-Flix/Pods-Flix-frameworks-${CONFIGURATION}-output-files.xcfilelist",
			);
			runOnlyForDeploymentPostprocessing = 0;
			shellPath = /bin/sh;
			shellScript = "\"${PODS_ROOT}/Target Support Files/Pods-Flix/Pods-Flix-frameworks.sh\"\n";
			showEnvVarsInLog = 0;
		};
		D2E397306512C266FB7EBDA8 /* [CP] Check Pods Manifest.lock */ = {
			isa = PBXShellScriptBuildPhase;
			buildActionMask = 2147483647;
			files = (
			);
			inputFileListPaths = (
			);
			inputPaths = (
				"${PODS_PODFILE_DIR_PATH}/Podfile.lock",
				"${PODS_ROOT}/Manifest.lock",
			);
			name = "[CP] Check Pods Manifest.lock";
			outputFileListPaths = (
			);
			outputPaths = (
				"$(DERIVED_FILE_DIR)/Pods-Flix-FlixUITests-checkManifestLockResult.txt",
			);
			runOnlyForDeploymentPostprocessing = 0;
			shellPath = /bin/sh;
			shellScript = "diff \"${PODS_PODFILE_DIR_PATH}/Podfile.lock\" \"${PODS_ROOT}/Manifest.lock\" > /dev/null\nif [ $? != 0 ] ; then\n    # print error to STDERR\n    echo \"error: The sandbox is not in sync with the Podfile.lock. Run 'pod install' or update your CocoaPods installation.\" >&2\n    exit 1\nfi\n# This output is used by Xcode 'outputs' to avoid re-running this script phase.\necho \"SUCCESS\" > \"${SCRIPT_OUTPUT_FILE_0}\"\n";
			showEnvVarsInLog = 0;
		};
/* End PBXShellScriptBuildPhase section */

/* Begin PBXSourcesBuildPhase section */
		5F3DD8F22683828D00CF0764 /* Sources */ = {
			isa = PBXSourcesBuildPhase;
			buildActionMask = 2147483647;
			files = (
				5F3DD8FB2683828D00CF0764 /* AppDelegate.m in Sources */,
				5F3DD9362683C94000CF0764 /* MovieCell.m in Sources */,
				5F3DD9302683972E00CF0764 /* MoviesViewController.m in Sources */,
				5F3DD9392684029300CF0764 /* DetailsViewController.m in Sources */,
				5F3DD9862685258300CF0764 /* MovieCollectionCell.m in Sources */,
				5F3DD90C2683828F00CF0764 /* main.m in Sources */,
				5F3DD8FE2683828D00CF0764 /* SceneDelegate.m in Sources */,
				5F3DD9832685218800CF0764 /* MoviesGridViewController.m in Sources */,
			);
			runOnlyForDeploymentPostprocessing = 0;
		};
		5F3DD90D2683828F00CF0764 /* Sources */ = {
			isa = PBXSourcesBuildPhase;
			buildActionMask = 2147483647;
			files = (
				5F3DD9162683828F00CF0764 /* FlixTests.m in Sources */,
			);
			runOnlyForDeploymentPostprocessing = 0;
		};
		5F3DD9182683828F00CF0764 /* Sources */ = {
			isa = PBXSourcesBuildPhase;
			buildActionMask = 2147483647;
			files = (
				5F3DD9212683828F00CF0764 /* FlixUITests.m in Sources */,
			);
			runOnlyForDeploymentPostprocessing = 0;
		};
/* End PBXSourcesBuildPhase section */

/* Begin PBXTargetDependency section */
		5F3DD9132683828F00CF0764 /* PBXTargetDependency */ = {
			isa = PBXTargetDependency;
			target = 5F3DD8F52683828D00CF0764 /* Flix */;
			targetProxy = 5F3DD9122683828F00CF0764 /* PBXContainerItemProxy */;
		};
		5F3DD91E2683828F00CF0764 /* PBXTargetDependency */ = {
			isa = PBXTargetDependency;
			target = 5F3DD8F52683828D00CF0764 /* Flix */;
			targetProxy = 5F3DD91D2683828F00CF0764 /* PBXContainerItemProxy */;
		};
/* End PBXTargetDependency section */

/* Begin PBXVariantGroup section */
		5F3DD9022683828D00CF0764 /* Main.storyboard */ = {
			isa = PBXVariantGroup;
			children = (
				5F3DD9032683828D00CF0764 /* Base */,
			);
			name = Main.storyboard;
			sourceTree = "<group>";
		};
		5F3DD9072683828F00CF0764 /* LaunchScreen.storyboard */ = {
			isa = PBXVariantGroup;
			children = (
				5F3DD9082683828F00CF0764 /* Base */,
			);
			name = LaunchScreen.storyboard;
			sourceTree = "<group>";
		};
/* End PBXVariantGroup section */

/* Begin XCBuildConfiguration section */
		5F3DD9232683828F00CF0764 /* Debug */ = {
			isa = XCBuildConfiguration;
			buildSettings = {
				ALWAYS_SEARCH_USER_PATHS = NO;
				CLANG_ANALYZER_NONNULL = YES;
				CLANG_ANALYZER_NUMBER_OBJECT_CONVERSION = YES_AGGRESSIVE;
				CLANG_CXX_LANGUAGE_STANDARD = "gnu++14";
				CLANG_CXX_LIBRARY = "libc++";
				CLANG_ENABLE_MODULES = YES;
				CLANG_ENABLE_OBJC_ARC = YES;
				CLANG_ENABLE_OBJC_WEAK = YES;
				CLANG_WARN_BLOCK_CAPTURE_AUTORELEASING = YES;
				CLANG_WARN_BOOL_CONVERSION = YES;
				CLANG_WARN_COMMA = YES;
				CLANG_WARN_CONSTANT_CONVERSION = YES;
				CLANG_WARN_DEPRECATED_OBJC_IMPLEMENTATIONS = YES;
				CLANG_WARN_DIRECT_OBJC_ISA_USAGE = YES_ERROR;
				CLANG_WARN_DOCUMENTATION_COMMENTS = YES;
				CLANG_WARN_EMPTY_BODY = YES;
				CLANG_WARN_ENUM_CONVERSION = YES;
				CLANG_WARN_INFINITE_RECURSION = YES;
				CLANG_WARN_INT_CONVERSION = YES;
				CLANG_WARN_NON_LITERAL_NULL_CONVERSION = YES;
				CLANG_WARN_OBJC_IMPLICIT_RETAIN_SELF = YES;
				CLANG_WARN_OBJC_LITERAL_CONVERSION = YES;
				CLANG_WARN_OBJC_ROOT_CLASS = YES_ERROR;
				CLANG_WARN_QUOTED_INCLUDE_IN_FRAMEWORK_HEADER = YES;
				CLANG_WARN_RANGE_LOOP_ANALYSIS = YES;
				CLANG_WARN_STRICT_PROTOTYPES = YES;
				CLANG_WARN_SUSPICIOUS_MOVE = YES;
				CLANG_WARN_UNGUARDED_AVAILABILITY = YES_AGGRESSIVE;
				CLANG_WARN_UNREACHABLE_CODE = YES;
				CLANG_WARN__DUPLICATE_METHOD_MATCH = YES;
				COPY_PHASE_STRIP = NO;
				DEBUG_INFORMATION_FORMAT = dwarf;
				ENABLE_STRICT_OBJC_MSGSEND = YES;
				ENABLE_TESTABILITY = YES;
				GCC_C_LANGUAGE_STANDARD = gnu11;
				GCC_DYNAMIC_NO_PIC = NO;
				GCC_NO_COMMON_BLOCKS = YES;
				GCC_OPTIMIZATION_LEVEL = 0;
				GCC_PREPROCESSOR_DEFINITIONS = (
					"DEBUG=1",
					"$(inherited)",
				);
				GCC_WARN_64_TO_32_BIT_CONVERSION = YES;
				GCC_WARN_ABOUT_RETURN_TYPE = YES_ERROR;
				GCC_WARN_UNDECLARED_SELECTOR = YES;
				GCC_WARN_UNINITIALIZED_AUTOS = YES_AGGRESSIVE;
				GCC_WARN_UNUSED_FUNCTION = YES;
				GCC_WARN_UNUSED_VARIABLE = YES;
				IPHONEOS_DEPLOYMENT_TARGET = 14.5;
				MTL_ENABLE_DEBUG_INFO = INCLUDE_SOURCE;
				MTL_FAST_MATH = YES;
				ONLY_ACTIVE_ARCH = YES;
				SDKROOT = iphoneos;
			};
			name = Debug;
		};
		5F3DD9242683828F00CF0764 /* Release */ = {
			isa = XCBuildConfiguration;
			buildSettings = {
				ALWAYS_SEARCH_USER_PATHS = NO;
				CLANG_ANALYZER_NONNULL = YES;
				CLANG_ANALYZER_NUMBER_OBJECT_CONVERSION = YES_AGGRESSIVE;
				CLANG_CXX_LANGUAGE_STANDARD = "gnu++14";
				CLANG_CXX_LIBRARY = "libc++";
				CLANG_ENABLE_MODULES = YES;
				CLANG_ENABLE_OBJC_ARC = YES;
				CLANG_ENABLE_OBJC_WEAK = YES;
				CLANG_WARN_BLOCK_CAPTURE_AUTORELEASING = YES;
				CLANG_WARN_BOOL_CONVERSION = YES;
				CLANG_WARN_COMMA = YES;
				CLANG_WARN_CONSTANT_CONVERSION = YES;
				CLANG_WARN_DEPRECATED_OBJC_IMPLEMENTATIONS = YES;
				CLANG_WARN_DIRECT_OBJC_ISA_USAGE = YES_ERROR;
				CLANG_WARN_DOCUMENTATION_COMMENTS = YES;
				CLANG_WARN_EMPTY_BODY = YES;
				CLANG_WARN_ENUM_CONVERSION = YES;
				CLANG_WARN_INFINITE_RECURSION = YES;
				CLANG_WARN_INT_CONVERSION = YES;
				CLANG_WARN_NON_LITERAL_NULL_CONVERSION = YES;
				CLANG_WARN_OBJC_IMPLICIT_RETAIN_SELF = YES;
				CLANG_WARN_OBJC_LITERAL_CONVERSION = YES;
				CLANG_WARN_OBJC_ROOT_CLASS = YES_ERROR;
				CLANG_WARN_QUOTED_INCLUDE_IN_FRAMEWORK_HEADER = YES;
				CLANG_WARN_RANGE_LOOP_ANALYSIS = YES;
				CLANG_WARN_STRICT_PROTOTYPES = YES;
				CLANG_WARN_SUSPICIOUS_MOVE = YES;
				CLANG_WARN_UNGUARDED_AVAILABILITY = YES_AGGRESSIVE;
				CLANG_WARN_UNREACHABLE_CODE = YES;
				CLANG_WARN__DUPLICATE_METHOD_MATCH = YES;
				COPY_PHASE_STRIP = NO;
				DEBUG_INFORMATION_FORMAT = "dwarf-with-dsym";
				ENABLE_NS_ASSERTIONS = NO;
				ENABLE_STRICT_OBJC_MSGSEND = YES;
				GCC_C_LANGUAGE_STANDARD = gnu11;
				GCC_NO_COMMON_BLOCKS = YES;
				GCC_WARN_64_TO_32_BIT_CONVERSION = YES;
				GCC_WARN_ABOUT_RETURN_TYPE = YES_ERROR;
				GCC_WARN_UNDECLARED_SELECTOR = YES;
				GCC_WARN_UNINITIALIZED_AUTOS = YES_AGGRESSIVE;
				GCC_WARN_UNUSED_FUNCTION = YES;
				GCC_WARN_UNUSED_VARIABLE = YES;
				IPHONEOS_DEPLOYMENT_TARGET = 14.5;
				MTL_ENABLE_DEBUG_INFO = NO;
				MTL_FAST_MATH = YES;
				SDKROOT = iphoneos;
				VALIDATE_PRODUCT = YES;
			};
			name = Release;
		};
		5F3DD9262683828F00CF0764 /* Debug */ = {
			isa = XCBuildConfiguration;
			baseConfigurationReference = FCE5B3F0631470D38A56BDC3 /* Pods-Flix.debug.xcconfig */;
			buildSettings = {
				ASSETCATALOG_COMPILER_APPICON_NAME = AppIcon;
				ASSETCATALOG_COMPILER_GLOBAL_ACCENT_COLOR_NAME = AccentColor;
				CODE_SIGN_STYLE = Automatic;
				DEVELOPMENT_TEAM = MLV6BNHZAT;
				INFOPLIST_FILE = Flix/Info.plist;
				LD_RUNPATH_SEARCH_PATHS = (
					"$(inherited)",
					"@executable_path/Frameworks",
				);
				PRODUCT_BUNDLE_IDENTIFIER = com.christinesun.Flix;
				PRODUCT_NAME = "$(TARGET_NAME)";
				TARGETED_DEVICE_FAMILY = "1,2";
			};
			name = Debug;
		};
		5F3DD9272683828F00CF0764 /* Release */ = {
			isa = XCBuildConfiguration;
			baseConfigurationReference = A52F61CF2FE80DD42F9668A3 /* Pods-Flix.release.xcconfig */;
			buildSettings = {
				ASSETCATALOG_COMPILER_APPICON_NAME = AppIcon;
				ASSETCATALOG_COMPILER_GLOBAL_ACCENT_COLOR_NAME = AccentColor;
				CODE_SIGN_STYLE = Automatic;
				DEVELOPMENT_TEAM = MLV6BNHZAT;
				INFOPLIST_FILE = Flix/Info.plist;
				LD_RUNPATH_SEARCH_PATHS = (
					"$(inherited)",
					"@executable_path/Frameworks",
				);
				PRODUCT_BUNDLE_IDENTIFIER = com.christinesun.Flix;
				PRODUCT_NAME = "$(TARGET_NAME)";
				TARGETED_DEVICE_FAMILY = "1,2";
			};
			name = Release;
		};
		5F3DD9292683828F00CF0764 /* Debug */ = {
			isa = XCBuildConfiguration;
			baseConfigurationReference = 596E2EF46E543EA829B021FA /* Pods-FlixTests.debug.xcconfig */;
			buildSettings = {
				BUNDLE_LOADER = "$(TEST_HOST)";
				CODE_SIGN_STYLE = Automatic;
				DEVELOPMENT_TEAM = MLV6BNHZAT;
				INFOPLIST_FILE = FlixTests/Info.plist;
				IPHONEOS_DEPLOYMENT_TARGET = 14.5;
				LD_RUNPATH_SEARCH_PATHS = (
					"$(inherited)",
					"@executable_path/Frameworks",
					"@loader_path/Frameworks",
				);
				PRODUCT_BUNDLE_IDENTIFIER = com.christinesun.FlixTests;
				PRODUCT_NAME = "$(TARGET_NAME)";
				TARGETED_DEVICE_FAMILY = "1,2";
				TEST_HOST = "$(BUILT_PRODUCTS_DIR)/Flix.app/Flix";
			};
			name = Debug;
		};
		5F3DD92A2683828F00CF0764 /* Release */ = {
			isa = XCBuildConfiguration;
			baseConfigurationReference = 8DFED141088FD0CBF645DF67 /* Pods-FlixTests.release.xcconfig */;
			buildSettings = {
				BUNDLE_LOADER = "$(TEST_HOST)";
				CODE_SIGN_STYLE = Automatic;
				DEVELOPMENT_TEAM = MLV6BNHZAT;
				INFOPLIST_FILE = FlixTests/Info.plist;
				IPHONEOS_DEPLOYMENT_TARGET = 14.5;
				LD_RUNPATH_SEARCH_PATHS = (
					"$(inherited)",
					"@executable_path/Frameworks",
					"@loader_path/Frameworks",
				);
				PRODUCT_BUNDLE_IDENTIFIER = com.christinesun.FlixTests;
				PRODUCT_NAME = "$(TARGET_NAME)";
				TARGETED_DEVICE_FAMILY = "1,2";
				TEST_HOST = "$(BUILT_PRODUCTS_DIR)/Flix.app/Flix";
			};
			name = Release;
		};
		5F3DD92C2683828F00CF0764 /* Debug */ = {
			isa = XCBuildConfiguration;
			baseConfigurationReference = 7183E1C9E78770B184FFC9D4 /* Pods-Flix-FlixUITests.debug.xcconfig */;
			buildSettings = {
				CODE_SIGN_STYLE = Automatic;
				DEVELOPMENT_TEAM = MLV6BNHZAT;
				INFOPLIST_FILE = FlixUITests/Info.plist;
				LD_RUNPATH_SEARCH_PATHS = (
					"$(inherited)",
					"@executable_path/Frameworks",
					"@loader_path/Frameworks",
				);
				PRODUCT_BUNDLE_IDENTIFIER = com.christinesun.FlixUITests;
				PRODUCT_NAME = "$(TARGET_NAME)";
				TARGETED_DEVICE_FAMILY = "1,2";
				TEST_TARGET_NAME = Flix;
			};
			name = Debug;
		};
		5F3DD92D2683828F00CF0764 /* Release */ = {
			isa = XCBuildConfiguration;
			baseConfigurationReference = 0F23AE7789AA9A906046DA2C /* Pods-Flix-FlixUITests.release.xcconfig */;
			buildSettings = {
				CODE_SIGN_STYLE = Automatic;
				DEVELOPMENT_TEAM = MLV6BNHZAT;
				INFOPLIST_FILE = FlixUITests/Info.plist;
				LD_RUNPATH_SEARCH_PATHS = (
					"$(inherited)",
					"@executable_path/Frameworks",
					"@loader_path/Frameworks",
				);
				PRODUCT_BUNDLE_IDENTIFIER = com.christinesun.FlixUITests;
				PRODUCT_NAME = "$(TARGET_NAME)";
				TARGETED_DEVICE_FAMILY = "1,2";
				TEST_TARGET_NAME = Flix;
			};
			name = Release;
		};
/* End XCBuildConfiguration section */

/* Begin XCConfigurationList section */
		5F3DD8F12683828D00CF0764 /* Build configuration list for PBXProject "Flix" */ = {
			isa = XCConfigurationList;
			buildConfigurations = (
				5F3DD9232683828F00CF0764 /* Debug */,
				5F3DD9242683828F00CF0764 /* Release */,
			);
			defaultConfigurationIsVisible = 0;
			defaultConfigurationName = Release;
		};
		5F3DD9252683828F00CF0764 /* Build configuration list for PBXNativeTarget "Flix" */ = {
			isa = XCConfigurationList;
			buildConfigurations = (
				5F3DD9262683828F00CF0764 /* Debug */,
				5F3DD9272683828F00CF0764 /* Release */,
			);
			defaultConfigurationIsVisible = 0;
			defaultConfigurationName = Release;
		};
		5F3DD9282683828F00CF0764 /* Build configuration list for PBXNativeTarget "FlixTests" */ = {
			isa = XCConfigurationList;
			buildConfigurations = (
				5F3DD9292683828F00CF0764 /* Debug */,
				5F3DD92A2683828F00CF0764 /* Release */,
			);
			defaultConfigurationIsVisible = 0;
			defaultConfigurationName = Release;
		};
		5F3DD92B2683828F00CF0764 /* Build configuration list for PBXNativeTarget "FlixUITests" */ = {
			isa = XCConfigurationList;
			buildConfigurations = (
				5F3DD92C2683828F00CF0764 /* Debug */,
				5F3DD92D2683828F00CF0764 /* Release */,
			);
			defaultConfigurationIsVisible = 0;
			defaultConfigurationName = Release;
		};
/* End XCConfigurationList section */
	};
	rootObject = 5F3DD8EE2683828D00CF0764 /* Project object */;
}
